PODS:
  - Realm (10.0.0-beta.1):
    - Realm/Headers (= 10.0.0-beta.1)
  - Realm/Headers (10.0.0-beta.1)
  - RealmSwift (10.0.0-beta.1):
    - Realm (= 10.0.0-beta.1)

DEPENDENCIES:
  - RealmSwift (= 10.0.0-beta.1)

SPEC REPOS:
  trunk:
    - Realm
    - RealmSwift

SPEC CHECKSUMS:
  Realm: 7a787349ee22f3d8dd7d5868fca9d3531a763225
  RealmSwift: 3f38a1b53c63d324e132d2979464dc5bd8c28da0

PODFILE CHECKSUM: c38b45d916e285c4e406b5a38fa628a7d651f6fc

COCOAPODS: 1.9.3
