PODS:
  - Realm (10.1.2):
    - Realm/Headers (= 10.1.2)
  - Realm/Headers (10.1.2)
  - RealmSwift (10.1.2):
    - Realm (= 10.1.2)

DEPENDENCIES:
  - RealmSwift (= 10.1.2)

SPEC REPOS:
  trunk:
    - Realm
    - RealmSwift

SPEC CHECKSUMS:
  Realm: 031fdd4be7094d01b43af1a5e49766ab644bb800
  RealmSwift: 43cf2e114baa9d17d34eb81e7d0def31f21cd444

PODFILE CHECKSUM: 3c962c800da535ba94d7df0f799295a3341e191f

COCOAPODS: 1.10.0
